<?xml version="1.0" encoding="utf-8"?>
<Project ToolsVersion="4.0" xmlns="http://schemas.microsoft.com/developer/msbuild/2003">
  <ItemGroup>
    <None Include="exports.def" />
  </ItemGroup>
  <ItemGroup>
    <ResourceCompile Include="version.rc" />
  </ItemGroup>
  <ItemGroup>
    <ClInclude Include="include\Settings.h" />
    <ClInclude Include="include\version.h" />
    <ClInclude Include="include\Animations.h" />
    <ClInclude Include="include\FNV1A.h" />
    <ClInclude Include="include\Events.h" />
    <ClInclude Include="include\Strafe.h" />
    <ClInclude Include="include\Speed.h" />
    <ClInclude Include="include\IController.h" />
    <ClInclude Include="include\Ram.h" />
    <ClInclude Include="include\Height.h" />
    <ClInclude Include="include\Crouch.h" />
    <ClInclude Include="include\Controller.h" />
  </ItemGroup>
  <ItemGroup>
    <ClCompile Include="src\main.cpp" />
    <ClCompile Include="src\Settings.cpp" />
    <ClCompile Include="src\Animations.cpp" />
    <ClCompile Include="src\Events.cpp" />
    <ClCompile Include="src\Ram.cpp" />
    <ClCompile Include="src\Speed.cpp" />
    <ClCompile Include="src\Strafe.cpp" />
    <ClCompile Include="src\Height.cpp" />
    <ClCompile Include="src\Crouch.cpp" />
    <ClCompile Include="src\Controller.cpp" />
  </ItemGroup>
</Project>